
Microsoft Visual Studio Solution File, Format Version 12.00
# Visual Studio Version 17
VisualStudioVersion = 17.12.35707.178
MinimumVisualStudioVersion = 10.0.40219.1
Project("{FAE04EC0-301F-11D3-BF4B-00C04F79EFBC}") = "Part1ex", "Part1ex.csproj", "{D3811F3D-F507-486B-A5F5-B1BC084BA7B4}"
EndProject
Project("{FAE04EC0-301F-11D3-BF4B-00C04F79EFBC}") = "Testing", "..\Testing\Testing.csproj", "{9AA1F9A6-BB5E-43AC-861F-0EF9E9A2FB71}"
EndProject
Global
	GlobalSection(SolutionConfigurationPlatforms) = preSolution
		Debug|Any CPU = Debug|Any CPU
		Release|Any CPU = Release|Any CPU
	EndGlobalSection
	GlobalSection(ProjectConfigurationPlatforms) = postSolution
		{D3811F3D-F507-486B-A5F5-B1BC084BA7B4}.Debug|Any CPU.ActiveCfg = Debug|Any CPU
		{D3811F3D-F507-486B-A5F5-B1BC084BA7B4}.Debug|Any CPU.Build.0 = Debug|Any CPU
		{D3811F3D-F507-486B-A5F5-B1BC084BA7B4}.Release|Any CPU.ActiveCfg = Release|Any CPU
		{D3811F3D-F507-486B-A5F5-B1BC084BA7B4}.Release|Any CPU.Build.0 = Release|Any CPU
		{9AA1F9A6-BB5E-43AC-861F-0EF9E9A2FB71}.Debug|Any CPU.ActiveCfg = Debug|Any CPU
		{9AA1F9A6-BB5E-43AC-861F-0EF9E9A2FB71}.Debug|Any CPU.Build.0 = Debug|Any CPU
		{9AA1F9A6-BB5E-43AC-861F-0EF9E9A2FB71}.Release|Any CPU.ActiveCfg = Release|Any CPU
		{9AA1F9A6-BB5E-43AC-861F-0EF9E9A2FB71}.Release|Any CPU.Build.0 = Release|Any CPU
	EndGlobalSection
	GlobalSection(SolutionProperties) = preSolution
		HideSolutionNode = FALSE
	EndGlobalSection
	GlobalSection(ExtensibilityGlobals) = postSolution
		SolutionGuid = {3B576AB8-5DE1-48EC-BD5E-CC3BF9180B2B}
	EndGlobalSection
EndGlobal
